<Solution>
    <Configurations>
        <Platform Name="Any CPU" />
    </Configurations>
    <Folder Name="/src/">
        <Project Path="src/Villsource.Abp.Domain/Villsource.Abp.Domain.csproj" />
        <Project Path="src/Villsource.Abp.Application/Villsource.Abp.Application.csproj" />
        <Project Path="src/Villsource.Abp.EntityFrameworkCore/Villsource.Abp.EntityFrameworkCore.csproj" />
        <Project Path="src/Villsource.Abp.Domain.Shared/Villsource.Abp.Domain.Shared.csproj" />
        <Project Path="src/Villsource.Abp.Application.Contracts/Villsource.Abp.Application.Contracts.csproj" />
        <Project Path="src/Villsource.Abp.HttpApi/Villsource.Abp.HttpApi.csproj" />
        <Project Path="src/Villsource.Abp.HttpApi.Client/Villsource.Abp.HttpApi.Client.csproj" />
        <Project Path="src/Villsource.Abp.DbMigrator/Villsource.Abp.DbMigrator.csproj" />
        <Project Path="src/Villsource.Abp.HttpApi.Host/Villsource.Abp.HttpApi.Host.csproj" />
    </Folder>
    <Folder Name="/test/">
        <Project Path="test/Villsource.Abp.Application.Tests/Villsource.Abp.Application.Tests.csproj" />
        <Project Path="test/Villsource.Abp.EntityFrameworkCore.Tests/Villsource.Abp.EntityFrameworkCore.Tests.csproj" />
        <Project Path="test/Villsource.Abp.TestBase/Villsource.Abp.TestBase.csproj" />
        <Project Path="test/Villsource.Abp.Domain.Tests/Villsource.Abp.Domain.Tests.csproj" />
        <Project Path="test/Villsource.Abp.HttpApi.Client.ConsoleTestApp/Villsource.Abp.HttpApi.Client.ConsoleTestApp.csproj" />
    </Folder>
    <Folder Name="/modules/">
        <Project Path="modules/poc/src/POC.Domain.Shared/POC.Domain.Shared.csproj" />
        <Project Path="modules/poc/src/POC.Domain/POC.Domain.csproj" />
        <Project Path="modules/poc/src/POC.Application.Contracts/POC.Application.Contracts.csproj" />
        <Project Path="modules/poc/src/POC.Application/POC.Application.csproj" />
        <Project Path="modules/poc/src/POC.EntityFrameworkCore/POC.EntityFrameworkCore.csproj" />
        <Project Path="modules/poc/src/POC.HttpApi/POC.HttpApi.csproj" />
        <Project Path="modules/poc/src/POC.HttpApi.Client/POC.HttpApi.Client.csproj" />
        <Project Path="modules/poc/src/POC.Installer/POC.Installer.csproj" />
    </Folder>
    <Folder Name="/workflow/">
        <Project Path="modules/villsource.abp.workflow/src/Villsource.Abp.Workflow.Domain.Shared/Villsource.Abp.Workflow.Domain.Shared.csproj" />
        <Project Path="modules/villsource.abp.workflow/src/Villsource.Abp.Workflow.Domain/Villsource.Abp.Workflow.Domain.csproj" />
        <Project Path="modules/villsource.abp.workflow/src/Villsource.Abp.Workflow.Application.Contracts/Villsource.Abp.Workflow.Application.Contracts.csproj" />
        <Project Path="modules/villsource.abp.workflow/src/Villsource.Abp.Workflow.Application/Villsource.Abp.Workflow.Application.csproj" />
        <Project Path="modules/villsource.abp.workflow/src/Villsource.Abp.Workflow.EntityFrameworkCore/Villsource.Abp.Workflow.EntityFrameworkCore.csproj" />
        <Project Path="modules/villsource.abp.workflow/src/Villsource.Abp.Workflow.HttpApi/Villsource.Abp.Workflow.HttpApi.csproj" />
        <Project Path="modules/villsource.abp.workflow/src/Villsource.Abp.Workflow.HttpApi.Client/Villsource.Abp.Workflow.HttpApi.Client.csproj" />
        <Project Path="modules/villsource.abp.workflow/src/Villsource.Abp.Workflow.Installer/Villsource.Abp.Workflow.Installer.csproj" />
    </Folder>
</Solution>